// !$*UTF8*$!
{
	archiveVersion = 1;
	classes = {
	};
	objectVersion = 55;
	objects = {

/* Begin PBXBuildFile section */
		1A684EC3270FBEA9001CDCE7 /* Selection.cpp in Sources */ = {isa = PBXBuildFile; fileRef = 1A684EC2270FBEA9001CDCE7 /* Selection.cpp */; };
		1A6AC9292714A2A90033D26A /* CaseSwitch.cpp in Sources */ = {isa = PBXBuildFile; fileRef = 1A6AC9282714A2A90033D26A /* CaseSwitch.cpp */; };
		1A7D65AD271655A600D4DF64 /* Loops.cpp in Sources */ = {isa = PBXBuildFile; fileRef = 1A7D65AC271655A600D4DF64 /* Loops.cpp */; };
		1A7D65B0271661AB00D4DF64 /* exercise1.cpp in Sources */ = {isa = PBXBuildFile; fileRef = 1A7D65AF271661AB00D4DF64 /* exercise1.cpp */; };
		1A7D65B327166AD600D4DF64 /* exercise2.cpp in Sources */ = {isa = PBXBuildFile; fileRef = 1A7D65B227166AD600D4DF64 /* exercise2.cpp */; };
		1A7D65B62716774C00D4DF64 /* exercise3.cpp in Sources */ = {isa = PBXBuildFile; fileRef = 1A7D65B52716774C00D4DF64 /* exercise3.cpp */; };
		1AA1041F270A207100FF560D /* Strings.cpp in Sources */ = {isa = PBXBuildFile; fileRef = 1AA1041E270A207100FF560D /* Strings.cpp */; };
		1AA10426270A21BA00FF560D /* Prepost.cpp in Sources */ = {isa = PBXBuildFile; fileRef = 1AA10425270A21BA00FF560D /* Prepost.cpp */; };
		1AA10429270A21DE00FF560D /* Constants.cpp in Sources */ = {isa = PBXBuildFile; fileRef = 1AA10428270A21DE00FF560D /* Constants.cpp */; };
		1AA1042B270A221700FF560D /* Datatypes.cpp in Sources */ = {isa = PBXBuildFile; fileRef = 1AA1042A270A221700FF560D /* Datatypes.cpp */; };
		1AA10431270A753000FF560D /* Selection.cpp in Sources */ = {isa = PBXBuildFile; fileRef = 1AA10430270A753000FF560D /* Selection.cpp */; };
		1ACA0DE1270AC4C300553249 /* exercise1.cpp in Sources */ = {isa = PBXBuildFile; fileRef = 1ACA0DE0270AC4C300553249 /* exercise1.cpp */; };
		1ACA0DE3270AE4BC00553249 /* exercise2.cpp in Sources */ = {isa = PBXBuildFile; fileRef = 1ACA0DE2270AE4BC00553249 /* exercise2.cpp */; };
		1ACA0DE5270AE6C000553249 /* exercise3.cpp in Sources */ = {isa = PBXBuildFile; fileRef = 1ACA0DE4270AE6C000553249 /* exercise3.cpp */; };
/* End PBXBuildFile section */

/* Begin PBXCopyFilesBuildPhase section */
		1A757F5A270A2014002AD01F /* CopyFiles */ = {
			isa = PBXCopyFilesBuildPhase;
			buildActionMask = 2147483647;
			dstPath = /usr/share/man/man1/;
			dstSubfolderSpec = 0;
			files = (
			);
			runOnlyForDeploymentPostprocessing = 1;
		};
/* End PBXCopyFilesBuildPhase section */

/* Begin PBXFileReference section */
		1A412309270BE410002227DB /* Selection.txt */ = {isa = PBXFileReference; lastKnownFileType = text; path = Selection.txt; sourceTree = "<group>"; };
		1A41230A270BEB38002227DB /* exercise1_output.txt */ = {isa = PBXFileReference; lastKnownFileType = text; path = exercise1_output.txt; sourceTree = "<group>"; };
		1A578D73270D43DA00A212D1 /* exercise2_output */ = {isa = PBXFileReference; lastKnownFileType = text; path = exercise2_output; sourceTree = "<group>"; };
		1A578D74270D556A00A212D1 /* exercise3_output */ = {isa = PBXFileReference; lastKnownFileType = text; path = exercise3_output; sourceTree = "<group>"; };
		1A684EC2270FBEA9001CDCE7 /* Selection.cpp */ = {isa = PBXFileReference; lastKnownFileType = sourcecode.cpp.cpp; path = Selection.cpp; sourceTree = "<group>"; };
		1A6AC92727149FDA0033D26A /* Selection.txt */ = {isa = PBXFileReference; lastKnownFileType = text; path = Selection.txt; sourceTree = "<group>"; };
		1A6AC9282714A2A90033D26A /* CaseSwitch.cpp */ = {isa = PBXFileReference; lastKnownFileType = sourcecode.cpp.cpp; path = CaseSwitch.cpp; sourceTree = "<group>"; };
		1A757F5C270A2014002AD01F /* CSC121 */ = {isa = PBXFileReference; explicitFileType = "compiled.mach-o.executable"; includeInIndex = 0; path = CSC121; sourceTree = BUILT_PRODUCTS_DIR; };
		1A7D65AB2716554600D4DF64 /* CaseSwitch.txt */ = {isa = PBXFileReference; lastKnownFileType = text; path = CaseSwitch.txt; sourceTree = "<group>"; };
		1A7D65AC271655A600D4DF64 /* Loops.cpp */ = {isa = PBXFileReference; lastKnownFileType = sourcecode.cpp.cpp; path = Loops.cpp; sourceTree = "<group>"; };
		1A7D65AE271655AF00D4DF64 /* Loops.txt */ = {isa = PBXFileReference; lastKnownFileType = text; path = Loops.txt; sourceTree = "<group>"; };
		1A7D65AF271661AB00D4DF64 /* exercise1.cpp */ = {isa = PBXFileReference; lastKnownFileType = sourcecode.cpp.cpp; path = exercise1.cpp; sourceTree = "<group>"; };
		1A7D65B12716634000D4DF64 /* exercise1_output.txt */ = {isa = PBXFileReference; lastKnownFileType = text; path = exercise1_output.txt; sourceTree = "<group>"; };
		1A7D65B227166AD600D4DF64 /* exercise2.cpp */ = {isa = PBXFileReference; lastKnownFileType = sourcecode.cpp.cpp; path = exercise2.cpp; sourceTree = "<group>"; };
		1A7D65B42716748300D4DF64 /* exercise2_output */ = {isa = PBXFileReference; lastKnownFileType = text; path = exercise2_output; sourceTree = "<group>"; };
		1A7D65B52716774C00D4DF64 /* exercise3.cpp */ = {isa = PBXFileReference; lastKnownFileType = sourcecode.cpp.cpp; path = exercise3.cpp; sourceTree = "<group>"; };
		1A7D65B727168DAC00D4DF64 /* exercise3_output */ = {isa = PBXFileReference; lastKnownFileType = text; path = exercise3_output; sourceTree = "<group>"; };
		1AA1041E270A207100FF560D /* Strings.cpp */ = {isa = PBXFileReference; lastKnownFileType = sourcecode.cpp.cpp; name = Strings.cpp; path = "CSC121/Chapter 2/Strings.cpp"; sourceTree = SOURCE_ROOT; };
		1AA10425270A21BA00FF560D /* Prepost.cpp */ = {isa = PBXFileReference; lastKnownFileType = sourcecode.cpp.cpp; path = Prepost.cpp; sourceTree = "<group>"; };
		1AA10428270A21DE00FF560D /* Constants.cpp */ = {isa = PBXFileReference; lastKnownFileType = sourcecode.cpp.cpp; path = Constants.cpp; sourceTree = "<group>"; };
		1AA1042A270A221700FF560D /* Datatypes.cpp */ = {isa = PBXFileReference; lastKnownFileType = sourcecode.cpp.cpp; path = Datatypes.cpp; sourceTree = "<group>"; };
		1AA1042F270A742500FF560D /* Strings.txt */ = {isa = PBXFileReference; lastKnownFileType = text; path = Strings.txt; sourceTree = "<group>"; };
		1AA10430270A753000FF560D /* Selection.cpp */ = {isa = PBXFileReference; lastKnownFileType = sourcecode.cpp.cpp; path = Selection.cpp; sourceTree = "<group>"; };
		1ACA0DE0270AC4C300553249 /* exercise1.cpp */ = {isa = PBXFileReference; lastKnownFileType = sourcecode.cpp.cpp; path = exercise1.cpp; sourceTree = "<group>"; };
		1ACA0DE2270AE4BC00553249 /* exercise2.cpp */ = {isa = PBXFileReference; lastKnownFileType = sourcecode.cpp.cpp; path = exercise2.cpp; sourceTree = "<group>"; };
		1ACA0DE4270AE6C000553249 /* exercise3.cpp */ = {isa = PBXFileReference; lastKnownFileType = sourcecode.cpp.cpp; path = exercise3.cpp; sourceTree = "<group>"; };
/* End PBXFileReference section */

/* Begin PBXFrameworksBuildPhase section */
		1A757F59270A2014002AD01F /* Frameworks */ = {
			isa = PBXFrameworksBuildPhase;
			buildActionMask = 2147483647;
			files = (
			);
			runOnlyForDeploymentPostprocessing = 0;
		};
/* End PBXFrameworksBuildPhase section */

/* Begin PBXGroup section */
		1A684EC1270FBE7C001CDCE7 /* Chapter 3 */ = {
			isa = PBXGroup;
			children = (
				1A684EC2270FBEA9001CDCE7 /* Selection.cpp */,
				1A6AC92727149FDA0033D26A /* Selection.txt */,
				1A6AC9282714A2A90033D26A /* CaseSwitch.cpp */,
				1A7D65AB2716554600D4DF64 /* CaseSwitch.txt */,
				1A7D65AC271655A600D4DF64 /* Loops.cpp */,
				1A7D65AE271655AF00D4DF64 /* Loops.txt */,
			);
			path = "Chapter 3";
			sourceTree = "<group>";
		};
		1A757F53270A2014002AD01F = {
			isa = PBXGroup;
			children = (
				1A757F5E270A2014002AD01F /* CSC121 */,
				1A757F5D270A2014002AD01F /* Products */,
			);
			sourceTree = "<group>";
		};
		1A757F5D270A2014002AD01F /* Products */ = {
			isa = PBXGroup;
			children = (
				1A757F5C270A2014002AD01F /* CSC121 */,
			);
			name = Products;
			sourceTree = "<group>";
		};
		1A757F5E270A2014002AD01F /* CSC121 */ = {
			isa = PBXGroup;
			children = (
				1A684EC1270FBE7C001CDCE7 /* Chapter 3 */,
				1ACA0DDE270AC48400553249 /* Assignments */,
				1AA1041D270A206000FF560D /* Chapter 1 */,
				1AA1041C270A205600FF560D /* Chapter 2 */,
			);
			path = CSC121;
			sourceTree = "<group>";
		};
		1A7D65AA2716549900D4DF64 /* Assignment 2 */ = {
			isa = PBXGroup;
			children = (
				1A7D65AF271661AB00D4DF64 /* exercise1.cpp */,
				1A7D65B12716634000D4DF64 /* exercise1_output.txt */,
				1A7D65B227166AD600D4DF64 /* exercise2.cpp */,
				1A7D65B42716748300D4DF64 /* exercise2_output */,
				1A7D65B52716774C00D4DF64 /* exercise3.cpp */,
				1A7D65B727168DAC00D4DF64 /* exercise3_output */,
			);
			path = "Assignment 2";
			sourceTree = "<group>";
		};
		1AA1041C270A205600FF560D /* Chapter 2 */ = {
			isa = PBXGroup;
			children = (
				1AA1041E270A207100FF560D /* Strings.cpp */,
				1AA1042F270A742500FF560D /* Strings.txt */,
				1AA10430270A753000FF560D /* Selection.cpp */,
				1A412309270BE410002227DB /* Selection.txt */,
			);
			path = "Chapter 2";
			sourceTree = "<group>";
		};
		1AA1041D270A206000FF560D /* Chapter 1 */ = {
			isa = PBXGroup;
			children = (
				1AA10425270A21BA00FF560D /* Prepost.cpp */,
				1AA10428270A21DE00FF560D /* Constants.cpp */,
				1AA1042A270A221700FF560D /* Datatypes.cpp */,
			);
			path = "Chapter 1";
			sourceTree = "<group>";
		};
		1ACA0DDE270AC48400553249 /* Assignments */ = {
			isa = PBXGroup;
			children = (
				1A7D65AA2716549900D4DF64 /* Assignment 2 */,
				1ACA0DDF270AC48B00553249 /* Assignment 1 */,
			);
			path = Assignments;
			sourceTree = "<group>";
		};
		1ACA0DDF270AC48B00553249 /* Assignment 1 */ = {
			isa = PBXGroup;
			children = (
				1ACA0DE0270AC4C300553249 /* exercise1.cpp */,
				1ACA0DE2270AE4BC00553249 /* exercise2.cpp */,
				1ACA0DE4270AE6C000553249 /* exercise3.cpp */,
				1A41230A270BEB38002227DB /* exercise1_output.txt */,
				1A578D73270D43DA00A212D1 /* exercise2_output */,
				1A578D74270D556A00A212D1 /* exercise3_output */,
			);
			path = "Assignment 1";
			sourceTree = "<group>";
		};
/* End PBXGroup section */

/* Begin PBXNativeTarget section */
		1A757F5B270A2014002AD01F /* CSC121 */ = {
			isa = PBXNativeTarget;
			buildConfigurationList = 1A757F63270A2014002AD01F /* Build configuration list for PBXNativeTarget "CSC121" */;
			buildPhases = (
				1A757F58270A2014002AD01F /* Sources */,
				1A757F59270A2014002AD01F /* Frameworks */,
				1A757F5A270A2014002AD01F /* CopyFiles */,
			);
			buildRules = (
			);
			dependencies = (
			);
			name = CSC121;
			productName = CSC121;
			productReference = 1A757F5C270A2014002AD01F /* CSC121 */;
			productType = "com.apple.product-type.tool";
		};
/* End PBXNativeTarget section */

/* Begin PBXProject section */
		1A757F54270A2014002AD01F /* Project object */ = {
			isa = PBXProject;
			attributes = {
				BuildIndependentTargetsInParallel = 1;
				LastUpgradeCheck = 1300;
				TargetAttributes = {
					1A757F5B270A2014002AD01F = {
						CreatedOnToolsVersion = 13.0;
					};
				};
			};
			buildConfigurationList = 1A757F57270A2014002AD01F /* Build configuration list for PBXProject "CSC121" */;
			compatibilityVersion = "Xcode 13.0";
			developmentRegion = en;
			hasScannedForEncodings = 0;
			knownRegions = (
				en,
				Base,
			);
			mainGroup = 1A757F53270A2014002AD01F;
			productRefGroup = 1A757F5D270A2014002AD01F /* Products */;
			projectDirPath = "";
			projectRoot = "";
			targets = (
				1A757F5B270A2014002AD01F /* CSC121 */,
			);
		};
/* End PBXProject section */

/* Begin PBXSourcesBuildPhase section */
		1A757F58270A2014002AD01F /* Sources */ = {
			isa = PBXSourcesBuildPhase;
			buildActionMask = 2147483647;
			files = (
				1AA10431270A753000FF560D /* Selection.cpp in Sources */,
				1ACA0DE5270AE6C000553249 /* exercise3.cpp in Sources */,
				1A684EC3270FBEA9001CDCE7 /* Selection.cpp in Sources */,
				1A7D65B62716774C00D4DF64 /* exercise3.cpp in Sources */,
				1A7D65B327166AD600D4DF64 /* exercise2.cpp in Sources */,
				1ACA0DE1270AC4C300553249 /* exercise1.cpp in Sources */,
				1AA1041F270A207100FF560D /* Strings.cpp in Sources */,
				1A7D65AD271655A600D4DF64 /* Loops.cpp in Sources */,
				1AA1042B270A221700FF560D /* Datatypes.cpp in Sources */,
				1A7D65B0271661AB00D4DF64 /* exercise1.cpp in Sources */,
				1ACA0DE3270AE4BC00553249 /* exercise2.cpp in Sources */,
				1AA10429270A21DE00FF560D /* Constants.cpp in Sources */,
				1AA10426270A21BA00FF560D /* Prepost.cpp in Sources */,
				1A6AC9292714A2A90033D26A /* CaseSwitch.cpp in Sources */,
			);
			runOnlyForDeploymentPostprocessing = 0;
		};
/* End PBXSourcesBuildPhase section */

/* Begin XCBuildConfiguration section */
		1A757F61270A2014002AD01F /* Debug */ = {
			isa = XCBuildConfiguration;
			buildSettings = {
				ALWAYS_SEARCH_USER_PATHS = NO;
				CLANG_ANALYZER_NONNULL = YES;
				CLANG_ANALYZER_NUMBER_OBJECT_CONVERSION = YES_AGGRESSIVE;
				CLANG_CXX_LANGUAGE_STANDARD = "gnu++17";
				CLANG_CXX_LIBRARY = "libc++";
				CLANG_ENABLE_MODULES = YES;
				CLANG_ENABLE_OBJC_ARC = YES;
				CLANG_ENABLE_OBJC_WEAK = YES;
				CLANG_WARN_BLOCK_CAPTURE_AUTORELEASING = YES;
				CLANG_WARN_BOOL_CONVERSION = YES;
				CLANG_WARN_COMMA = YES;
				CLANG_WARN_CONSTANT_CONVERSION = YES;
				CLANG_WARN_DEPRECATED_OBJC_IMPLEMENTATIONS = YES;
				CLANG_WARN_DIRECT_OBJC_ISA_USAGE = YES_ERROR;
				CLANG_WARN_DOCUMENTATION_COMMENTS = YES;
				CLANG_WARN_EMPTY_BODY = YES;
				CLANG_WARN_ENUM_CONVERSION = YES;
				CLANG_WARN_INFINITE_RECURSION = YES;
				CLANG_WARN_INT_CONVERSION = YES;
				CLANG_WARN_NON_LITERAL_NULL_CONVERSION = YES;
				CLANG_WARN_OBJC_IMPLICIT_RETAIN_SELF = YES;
				CLANG_WARN_OBJC_LITERAL_CONVERSION = YES;
				CLANG_WARN_OBJC_ROOT_CLASS = YES_ERROR;
				CLANG_WARN_QUOTED_INCLUDE_IN_FRAMEWORK_HEADER = YES;
				CLANG_WARN_RANGE_LOOP_ANALYSIS = YES;
				CLANG_WARN_STRICT_PROTOTYPES = YES;
				CLANG_WARN_SUSPICIOUS_MOVE = YES;
				CLANG_WARN_UNGUARDED_AVAILABILITY = YES_AGGRESSIVE;
				CLANG_WARN_UNREACHABLE_CODE = YES;
				CLANG_WARN__DUPLICATE_METHOD_MATCH = YES;
				COPY_PHASE_STRIP = NO;
				DEBUG_INFORMATION_FORMAT = dwarf;
				ENABLE_STRICT_OBJC_MSGSEND = YES;
				ENABLE_TESTABILITY = YES;
				GCC_C_LANGUAGE_STANDARD = gnu11;
				GCC_DYNAMIC_NO_PIC = NO;
				GCC_NO_COMMON_BLOCKS = YES;
				GCC_OPTIMIZATION_LEVEL = 0;
				GCC_PREPROCESSOR_DEFINITIONS = (
					"DEBUG=1",
					"$(inherited)",
				);
				GCC_WARN_64_TO_32_BIT_CONVERSION = YES;
				GCC_WARN_ABOUT_RETURN_TYPE = YES_ERROR;
				GCC_WARN_UNDECLARED_SELECTOR = YES;
				GCC_WARN_UNINITIALIZED_AUTOS = YES_AGGRESSIVE;
				GCC_WARN_UNUSED_FUNCTION = YES;
				GCC_WARN_UNUSED_VARIABLE = YES;
				MACOSX_DEPLOYMENT_TARGET = 11.3;
				MTL_ENABLE_DEBUG_INFO = INCLUDE_SOURCE;
				MTL_FAST_MATH = YES;
				ONLY_ACTIVE_ARCH = YES;
				SDKROOT = macosx;
			};
			name = Debug;
		};
		1A757F62270A2014002AD01F /* Release */ = {
			isa = XCBuildConfiguration;
			buildSettings = {
				ALWAYS_SEARCH_USER_PATHS = NO;
				CLANG_ANALYZER_NONNULL = YES;
				CLANG_ANALYZER_NUMBER_OBJECT_CONVERSION = YES_AGGRESSIVE;
				CLANG_CXX_LANGUAGE_STANDARD = "gnu++17";
				CLANG_CXX_LIBRARY = "libc++";
				CLANG_ENABLE_MODULES = YES;
				CLANG_ENABLE_OBJC_ARC = YES;
				CLANG_ENABLE_OBJC_WEAK = YES;
				CLANG_WARN_BLOCK_CAPTURE_AUTORELEASING = YES;
				CLANG_WARN_BOOL_CONVERSION = YES;
				CLANG_WARN_COMMA = YES;
				CLANG_WARN_CONSTANT_CONVERSION = YES;
				CLANG_WARN_DEPRECATED_OBJC_IMPLEMENTATIONS = YES;
				CLANG_WARN_DIRECT_OBJC_ISA_USAGE = YES_ERROR;
				CLANG_WARN_DOCUMENTATION_COMMENTS = YES;
				CLANG_WARN_EMPTY_BODY = YES;
				CLANG_WARN_ENUM_CONVERSION = YES;
				CLANG_WARN_INFINITE_RECURSION = YES;
				CLANG_WARN_INT_CONVERSION = YES;
				CLANG_WARN_NON_LITERAL_NULL_CONVERSION = YES;
				CLANG_WARN_OBJC_IMPLICIT_RETAIN_SELF = YES;
				CLANG_WARN_OBJC_LITERAL_CONVERSION = YES;
				CLANG_WARN_OBJC_ROOT_CLASS = YES_ERROR;
				CLANG_WARN_QUOTED_INCLUDE_IN_FRAMEWORK_HEADER = YES;
				CLANG_WARN_RANGE_LOOP_ANALYSIS = YES;
				CLANG_WARN_STRICT_PROTOTYPES = YES;
				CLANG_WARN_SUSPICIOUS_MOVE = YES;
				CLANG_WARN_UNGUARDED_AVAILABILITY = YES_AGGRESSIVE;
				CLANG_WARN_UNREACHABLE_CODE = YES;
				CLANG_WARN__DUPLICATE_METHOD_MATCH = YES;
				COPY_PHASE_STRIP = NO;
				DEBUG_INFORMATION_FORMAT = "dwarf-with-dsym";
				ENABLE_NS_ASSERTIONS = NO;
				ENABLE_STRICT_OBJC_MSGSEND = YES;
				GCC_C_LANGUAGE_STANDARD = gnu11;
				GCC_NO_COMMON_BLOCKS = YES;
				GCC_WARN_64_TO_32_BIT_CONVERSION = YES;
				GCC_WARN_ABOUT_RETURN_TYPE = YES_ERROR;
				GCC_WARN_UNDECLARED_SELECTOR = YES;
				GCC_WARN_UNINITIALIZED_AUTOS = YES_AGGRESSIVE;
				GCC_WARN_UNUSED_FUNCTION = YES;
				GCC_WARN_UNUSED_VARIABLE = YES;
				MACOSX_DEPLOYMENT_TARGET = 11.3;
				MTL_ENABLE_DEBUG_INFO = NO;
				MTL_FAST_MATH = YES;
				SDKROOT = macosx;
			};
			name = Release;
		};
		1A757F64270A2014002AD01F /* Debug */ = {
			isa = XCBuildConfiguration;
			buildSettings = {
				CODE_SIGN_STYLE = Automatic;
				DEVELOPMENT_TEAM = 7G4A2JWWKQ;
				ENABLE_HARDENED_RUNTIME = YES;
				PRODUCT_NAME = "$(TARGET_NAME)";
			};
			name = Debug;
		};
		1A757F65270A2014002AD01F /* Release */ = {
			isa = XCBuildConfiguration;
			buildSettings = {
				CODE_SIGN_STYLE = Automatic;
				DEVELOPMENT_TEAM = 7G4A2JWWKQ;
				ENABLE_HARDENED_RUNTIME = YES;
				PRODUCT_NAME = "$(TARGET_NAME)";
			};
			name = Release;
		};
/* End XCBuildConfiguration section */

/* Begin XCConfigurationList section */
		1A757F57270A2014002AD01F /* Build configuration list for PBXProject "CSC121" */ = {
			isa = XCConfigurationList;
			buildConfigurations = (
				1A757F61270A2014002AD01F /* Debug */,
				1A757F62270A2014002AD01F /* Release */,
			);
			defaultConfigurationIsVisible = 0;
			defaultConfigurationName = Release;
		};
		1A757F63270A2014002AD01F /* Build configuration list for PBXNativeTarget "CSC121" */ = {
			isa = XCConfigurationList;
			buildConfigurations = (
				1A757F64270A2014002AD01F /* Debug */,
				1A757F65270A2014002AD01F /* Release */,
			);
			defaultConfigurationIsVisible = 0;
			defaultConfigurationName = Release;
		};
/* End XCConfigurationList section */
	};
	rootObject = 1A757F54270A2014002AD01F /* Project object */;
}
